// !$*UTF8*$!
{
	archiveVersion = 1;
	classes = {
	};
	objectVersion = 50;
	objects = {

/* Begin PBXBuildFile section */
		E2556AEF25AFEF7A00FADC8B /* CourseList.swift in Sources */ = {isa = PBXBuildFile; fileRef = E2556AEE25AFEF7A00FADC8B /* CourseList.swift */; };
		E2556AF025AFEF7A00FADC8B /* CourseList.swift in Sources */ = {isa = PBXBuildFile; fileRef = E2556AEE25AFEF7A00FADC8B /* CourseList.swift */; };
		E258542025AA7CD100F18B2F /* CourseRow.swift in Sources */ = {isa = PBXBuildFile; fileRef = E258541F25AA7CD100F18B2F /* CourseRow.swift */; };
		E258542125AA7CD100F18B2F /* CourseRow.swift in Sources */ = {isa = PBXBuildFile; fileRef = E258541F25AA7CD100F18B2F /* CourseRow.swift */; };
		E258542525AA81FD00F18B2F /* CoursesView.swift in Sources */ = {isa = PBXBuildFile; fileRef = E258542425AA81FD00F18B2F /* CoursesView.swift */; };
		E258542625AA81FD00F18B2F /* CoursesView.swift in Sources */ = {isa = PBXBuildFile; fileRef = E258542425AA81FD00F18B2F /* CoursesView.swift */; };
		E263695625B6652000B6C0BD /* CloseButton.swift in Sources */ = {isa = PBXBuildFile; fileRef = E263695525B6652000B6C0BD /* CloseButton.swift */; };
		E263695725B6652000B6C0BD /* CloseButton.swift in Sources */ = {isa = PBXBuildFile; fileRef = E263695525B6652000B6C0BD /* CloseButton.swift */; };
		E27EE99525ABED260020766B /* SideBar.swift in Sources */ = {isa = PBXBuildFile; fileRef = E27EE99425ABED260020766B /* SideBar.swift */; };
		E27EE99625ABED260020766B /* SideBar.swift in Sources */ = {isa = PBXBuildFile; fileRef = E27EE99425ABED260020766B /* SideBar.swift */; };
		E28FB99425AEA15600FD1487 /* CourseItem.swift in Sources */ = {isa = PBXBuildFile; fileRef = E28FB99325AEA15600FD1487 /* CourseItem.swift */; };
		E28FB99525AEA15600FD1487 /* CourseItem.swift in Sources */ = {isa = PBXBuildFile; fileRef = E28FB99325AEA15600FD1487 /* CourseItem.swift */; };
		E2D95D0625A60C2D007F8C89 /* Multiplatform_CourseAppApp.swift in Sources */ = {isa = PBXBuildFile; fileRef = E2D95CF325A60C2D007F8C89 /* Multiplatform_CourseAppApp.swift */; };
		E2D95D0725A60C2D007F8C89 /* Multiplatform_CourseAppApp.swift in Sources */ = {isa = PBXBuildFile; fileRef = E2D95CF325A60C2D007F8C89 /* Multiplatform_CourseAppApp.swift */; };
		E2D95D0825A60C2D007F8C89 /* ContentView.swift in Sources */ = {isa = PBXBuildFile; fileRef = E2D95CF425A60C2D007F8C89 /* ContentView.swift */; };
		E2D95D0925A60C2D007F8C89 /* ContentView.swift in Sources */ = {isa = PBXBuildFile; fileRef = E2D95CF425A60C2D007F8C89 /* ContentView.swift */; };
		E2D95D0A25A60C2D007F8C89 /* Assets.xcassets in Resources */ = {isa = PBXBuildFile; fileRef = E2D95CF525A60C2D007F8C89 /* Assets.xcassets */; };
		E2D95D0B25A60C2D007F8C89 /* Assets.xcassets in Resources */ = {isa = PBXBuildFile; fileRef = E2D95CF525A60C2D007F8C89 /* Assets.xcassets */; };
		E2EB767F25B2858F00DD9146 /* Course.swift in Sources */ = {isa = PBXBuildFile; fileRef = E2EB767E25B2858F00DD9146 /* Course.swift */; };
		E2EB768025B2858F00DD9146 /* Course.swift in Sources */ = {isa = PBXBuildFile; fileRef = E2EB767E25B2858F00DD9146 /* Course.swift */; };
/* End PBXBuildFile section */

/* Begin PBXFileReference section */
		E2556AEE25AFEF7A00FADC8B /* CourseList.swift */ = {isa = PBXFileReference; lastKnownFileType = sourcecode.swift; path = CourseList.swift; sourceTree = "<group>"; };
		E258541F25AA7CD100F18B2F /* CourseRow.swift */ = {isa = PBXFileReference; lastKnownFileType = sourcecode.swift; path = CourseRow.swift; sourceTree = "<group>"; };
		E258542425AA81FD00F18B2F /* CoursesView.swift */ = {isa = PBXFileReference; lastKnownFileType = sourcecode.swift; path = CoursesView.swift; sourceTree = "<group>"; };
		E263695525B6652000B6C0BD /* CloseButton.swift */ = {isa = PBXFileReference; lastKnownFileType = sourcecode.swift; path = CloseButton.swift; sourceTree = "<group>"; };
		E27EE99425ABED260020766B /* SideBar.swift */ = {isa = PBXFileReference; lastKnownFileType = sourcecode.swift; path = SideBar.swift; sourceTree = "<group>"; };
		E28FB99325AEA15600FD1487 /* CourseItem.swift */ = {isa = PBXFileReference; lastKnownFileType = sourcecode.swift; path = CourseItem.swift; sourceTree = "<group>"; };
		E2D95CF325A60C2D007F8C89 /* Multiplatform_CourseAppApp.swift */ = {isa = PBXFileReference; lastKnownFileType = sourcecode.swift; path = Multiplatform_CourseAppApp.swift; sourceTree = "<group>"; };
		E2D95CF425A60C2D007F8C89 /* ContentView.swift */ = {isa = PBXFileReference; lastKnownFileType = sourcecode.swift; path = ContentView.swift; sourceTree = "<group>"; };
		E2D95CF525A60C2D007F8C89 /* Assets.xcassets */ = {isa = PBXFileReference; lastKnownFileType = folder.assetcatalog; path = Assets.xcassets; sourceTree = "<group>"; };
		E2D95CFA25A60C2D007F8C89 /* Multiplatform-CourseApp.app */ = {isa = PBXFileReference; explicitFileType = wrapper.application; includeInIndex = 0; path = "Multiplatform-CourseApp.app"; sourceTree = BUILT_PRODUCTS_DIR; };
		E2D95CFD25A60C2D007F8C89 /* Info.plist */ = {isa = PBXFileReference; lastKnownFileType = text.plist.xml; path = Info.plist; sourceTree = "<group>"; };
		E2D95D0225A60C2D007F8C89 /* Multiplatform-CourseApp.app */ = {isa = PBXFileReference; explicitFileType = wrapper.application; includeInIndex = 0; path = "Multiplatform-CourseApp.app"; sourceTree = BUILT_PRODUCTS_DIR; };
		E2D95D0425A60C2D007F8C89 /* Info.plist */ = {isa = PBXFileReference; lastKnownFileType = text.plist.xml; path = Info.plist; sourceTree = "<group>"; };
		E2D95D0525A60C2D007F8C89 /* macOS.entitlements */ = {isa = PBXFileReference; lastKnownFileType = text.plist.entitlements; path = macOS.entitlements; sourceTree = "<group>"; };
		E2EB767E25B2858F00DD9146 /* Course.swift */ = {isa = PBXFileReference; lastKnownFileType = sourcecode.swift; path = Course.swift; sourceTree = "<group>"; };
/* End PBXFileReference section */

/* Begin PBXFrameworksBuildPhase section */
		E2D95CF725A60C2D007F8C89 /* Frameworks */ = {
			isa = PBXFrameworksBuildPhase;
			buildActionMask = 2147483647;
			files = (
			);
			runOnlyForDeploymentPostprocessing = 0;
		};
		E2D95CFF25A60C2D007F8C89 /* Frameworks */ = {
			isa = PBXFrameworksBuildPhase;
			buildActionMask = 2147483647;
			files = (
			);
			runOnlyForDeploymentPostprocessing = 0;
		};
/* End PBXFrameworksBuildPhase section */

/* Begin PBXGroup section */
		E204F18625B5331000F14388 /* Model */ = {
			isa = PBXGroup;
			children = (
				E258542425AA81FD00F18B2F /* CoursesView.swift */,
				E263695525B6652000B6C0BD /* CloseButton.swift */,
			);
			path = Model;
			sourceTree = "<group>";
		};
		E2556AE425AFEE6A00FADC8B /* Navigation */ = {
			isa = PBXGroup;
			children = (
				E2D95CF425A60C2D007F8C89 /* ContentView.swift */,
				E27EE99425ABED260020766B /* SideBar.swift */,
			);
			path = Navigation;
			sourceTree = "<group>";
		};
		E2556AE725AFEE7D00FADC8B /* Items */ = {
			isa = PBXGroup;
			children = (
				E28FB99325AEA15600FD1487 /* CourseItem.swift */,
				E258541F25AA7CD100F18B2F /* CourseRow.swift */,
			);
			path = Items;
			sourceTree = "<group>";
		};
		E2D95CED25A60C2D007F8C89 = {
			isa = PBXGroup;
			children = (
				E2D95CF225A60C2D007F8C89 /* Shared */,
				E2D95CFC25A60C2D007F8C89 /* iOS */,
				E2D95D0325A60C2D007F8C89 /* macOS */,
				E2D95CFB25A60C2D007F8C89 /* Products */,
			);
			sourceTree = "<group>";
		};
		E2D95CF225A60C2D007F8C89 /* Shared */ = {
			isa = PBXGroup;
			children = (
				E2D95CF325A60C2D007F8C89 /* Multiplatform_CourseAppApp.swift */,
				E2556AE425AFEE6A00FADC8B /* Navigation */,
				E204F18625B5331000F14388 /* Model */,
				E2556AE725AFEE7D00FADC8B /* Items */,
				E2EB767E25B2858F00DD9146 /* Course.swift */,
				E2556AEE25AFEF7A00FADC8B /* CourseList.swift */,
				E2D95CF525A60C2D007F8C89 /* Assets.xcassets */,
			);
			path = Shared;
			sourceTree = "<group>";
		};
		E2D95CFB25A60C2D007F8C89 /* Products */ = {
			isa = PBXGroup;
			children = (
				E2D95CFA25A60C2D007F8C89 /* Multiplatform-CourseApp.app */,
				E2D95D0225A60C2D007F8C89 /* Multiplatform-CourseApp.app */,
			);
			name = Products;
			sourceTree = "<group>";
		};
		E2D95CFC25A60C2D007F8C89 /* iOS */ = {
			isa = PBXGroup;
			children = (
				E2D95CFD25A60C2D007F8C89 /* Info.plist */,
			);
			path = iOS;
			sourceTree = "<group>";
		};
		E2D95D0325A60C2D007F8C89 /* macOS */ = {
			isa = PBXGroup;
			children = (
				E2D95D0425A60C2D007F8C89 /* Info.plist */,
				E2D95D0525A60C2D007F8C89 /* macOS.entitlements */,
			);
			path = macOS;
			sourceTree = "<group>";
		};
/* End PBXGroup section */

/* Begin PBXNativeTarget section */
		E2D95CF925A60C2D007F8C89 /* Multiplatform-CourseApp (iOS) */ = {
			isa = PBXNativeTarget;
			buildConfigurationList = E2D95D0E25A60C2D007F8C89 /* Build configuration list for PBXNativeTarget "Multiplatform-CourseApp (iOS)" */;
			buildPhases = (
				E2D95CF625A60C2D007F8C89 /* Sources */,
				E2D95CF725A60C2D007F8C89 /* Frameworks */,
				E2D95CF825A60C2D007F8C89 /* Resources */,
			);
			buildRules = (
			);
			dependencies = (
			);
			name = "Multiplatform-CourseApp (iOS)";
			productName = "Multiplatform-CourseApp (iOS)";
			productReference = E2D95CFA25A60C2D007F8C89 /* Multiplatform-CourseApp.app */;
			productType = "com.apple.product-type.application";
		};
		E2D95D0125A60C2D007F8C89 /* Multiplatform-CourseApp (macOS) */ = {
			isa = PBXNativeTarget;
			buildConfigurationList = E2D95D1125A60C2D007F8C89 /* Build configuration list for PBXNativeTarget "Multiplatform-CourseApp (macOS)" */;
			buildPhases = (
				E2D95CFE25A60C2D007F8C89 /* Sources */,
				E2D95CFF25A60C2D007F8C89 /* Frameworks */,
				E2D95D0025A60C2D007F8C89 /* Resources */,
			);
			buildRules = (
			);
			dependencies = (
			);
			name = "Multiplatform-CourseApp (macOS)";
			productName = "Multiplatform-CourseApp (macOS)";
			productReference = E2D95D0225A60C2D007F8C89 /* Multiplatform-CourseApp.app */;
			productType = "com.apple.product-type.application";
		};
/* End PBXNativeTarget section */

/* Begin PBXProject section */
		E2D95CEE25A60C2D007F8C89 /* Project object */ = {
			isa = PBXProject;
			attributes = {
				LastSwiftUpdateCheck = 1230;
				LastUpgradeCheck = 1230;
				TargetAttributes = {
					E2D95CF925A60C2D007F8C89 = {
						CreatedOnToolsVersion = 12.3;
					};
					E2D95D0125A60C2D007F8C89 = {
						CreatedOnToolsVersion = 12.3;
					};
				};
			};
			buildConfigurationList = E2D95CF125A60C2D007F8C89 /* Build configuration list for PBXProject "Multiplatform-CourseApp" */;
			compatibilityVersion = "Xcode 9.3";
			developmentRegion = en;
			hasScannedForEncodings = 0;
			knownRegions = (
				en,
				Base,
			);
			mainGroup = E2D95CED25A60C2D007F8C89;
			productRefGroup = E2D95CFB25A60C2D007F8C89 /* Products */;
			projectDirPath = "";
			projectRoot = "";
			targets = (
				E2D95CF925A60C2D007F8C89 /* Multiplatform-CourseApp (iOS) */,
				E2D95D0125A60C2D007F8C89 /* Multiplatform-CourseApp (macOS) */,
			);
		};
/* End PBXProject section */

/* Begin PBXResourcesBuildPhase section */
		E2D95CF825A60C2D007F8C89 /* Resources */ = {
			isa = PBXResourcesBuildPhase;
			buildActionMask = 2147483647;
			files = (
				E2D95D0A25A60C2D007F8C89 /* Assets.xcassets in Resources */,
			);
			runOnlyForDeploymentPostprocessing = 0;
		};
		E2D95D0025A60C2D007F8C89 /* Resources */ = {
			isa = PBXResourcesBuildPhase;
			buildActionMask = 2147483647;
			files = (
				E2D95D0B25A60C2D007F8C89 /* Assets.xcassets in Resources */,
			);
			runOnlyForDeploymentPostprocessing = 0;
		};
/* End PBXResourcesBuildPhase section */

/* Begin PBXSourcesBuildPhase section */
		E2D95CF625A60C2D007F8C89 /* Sources */ = {
			isa = PBXSourcesBuildPhase;
			buildActionMask = 2147483647;
			files = (
				E2EB767F25B2858F00DD9146 /* Course.swift in Sources */,
				E27EE99525ABED260020766B /* SideBar.swift in Sources */,
				E28FB99425AEA15600FD1487 /* CourseItem.swift in Sources */,
				E263695625B6652000B6C0BD /* CloseButton.swift in Sources */,
				E2D95D0825A60C2D007F8C89 /* ContentView.swift in Sources */,
				E258542025AA7CD100F18B2F /* CourseRow.swift in Sources */,
				E2D95D0625A60C2D007F8C89 /* Multiplatform_CourseAppApp.swift in Sources */,
				E258542525AA81FD00F18B2F /* CoursesView.swift in Sources */,
				E2556AEF25AFEF7A00FADC8B /* CourseList.swift in Sources */,
			);
			runOnlyForDeploymentPostprocessing = 0;
		};
		E2D95CFE25A60C2D007F8C89 /* Sources */ = {
			isa = PBXSourcesBuildPhase;
			buildActionMask = 2147483647;
			files = (
				E2EB768025B2858F00DD9146 /* Course.swift in Sources */,
				E27EE99625ABED260020766B /* SideBar.swift in Sources */,
				E28FB99525AEA15600FD1487 /* CourseItem.swift in Sources */,
				E263695725B6652000B6C0BD /* CloseButton.swift in Sources */,
				E2D95D0925A60C2D007F8C89 /* ContentView.swift in Sources */,
				E258542125AA7CD100F18B2F /* CourseRow.swift in Sources */,
				E2D95D0725A60C2D007F8C89 /* Multiplatform_CourseAppApp.swift in Sources */,
				E258542625AA81FD00F18B2F /* CoursesView.swift in Sources */,
				E2556AF025AFEF7A00FADC8B /* CourseList.swift in Sources */,
			);
			runOnlyForDeploymentPostprocessing = 0;
		};
/* End PBXSourcesBuildPhase section */

/* Begin XCBuildConfiguration section */
		E2D95D0C25A60C2D007F8C89 /* Debug */ = {
			isa = XCBuildConfiguration;
			buildSettings = {
				ALWAYS_SEARCH_USER_PATHS = NO;
				CLANG_ANALYZER_NONNULL = YES;
				CLANG_ANALYZER_NUMBER_OBJECT_CONVERSION = YES_AGGRESSIVE;
				CLANG_CXX_LANGUAGE_STANDARD = "gnu++14";
				CLANG_CXX_LIBRARY = "libc++";
				CLANG_ENABLE_MODULES = YES;
				CLANG_ENABLE_OBJC_ARC = YES;
				CLANG_ENABLE_OBJC_WEAK = YES;
				CLANG_WARN_BLOCK_CAPTURE_AUTORELEASING = YES;
				CLANG_WARN_BOOL_CONVERSION = YES;
				CLANG_WARN_COMMA = YES;
				CLANG_WARN_CONSTANT_CONVERSION = YES;
				CLANG_WARN_DEPRECATED_OBJC_IMPLEMENTATIONS = YES;
				CLANG_WARN_DIRECT_OBJC_ISA_USAGE = YES_ERROR;
				CLANG_WARN_DOCUMENTATION_COMMENTS = YES;
				CLANG_WARN_EMPTY_BODY = YES;
				CLANG_WARN_ENUM_CONVERSION = YES;
				CLANG_WARN_INFINITE_RECURSION = YES;
				CLANG_WARN_INT_CONVERSION = YES;
				CLANG_WARN_NON_LITERAL_NULL_CONVERSION = YES;
				CLANG_WARN_OBJC_IMPLICIT_RETAIN_SELF = YES;
				CLANG_WARN_OBJC_LITERAL_CONVERSION = YES;
				CLANG_WARN_OBJC_ROOT_CLASS = YES_ERROR;
				CLANG_WARN_QUOTED_INCLUDE_IN_FRAMEWORK_HEADER = YES;
				CLANG_WARN_RANGE_LOOP_ANALYSIS = YES;
				CLANG_WARN_STRICT_PROTOTYPES = YES;
				CLANG_WARN_SUSPICIOUS_MOVE = YES;
				CLANG_WARN_UNGUARDED_AVAILABILITY = YES_AGGRESSIVE;
				CLANG_WARN_UNREACHABLE_CODE = YES;
				CLANG_WARN__DUPLICATE_METHOD_MATCH = YES;
				COPY_PHASE_STRIP = NO;
				DEBUG_INFORMATION_FORMAT = dwarf;
				ENABLE_STRICT_OBJC_MSGSEND = YES;
				ENABLE_TESTABILITY = YES;
				GCC_C_LANGUAGE_STANDARD = gnu11;
				GCC_DYNAMIC_NO_PIC = NO;
				GCC_NO_COMMON_BLOCKS = YES;
				GCC_OPTIMIZATION_LEVEL = 0;
				GCC_PREPROCESSOR_DEFINITIONS = (
					"DEBUG=1",
					"$(inherited)",
				);
				GCC_WARN_64_TO_32_BIT_CONVERSION = YES;
				GCC_WARN_ABOUT_RETURN_TYPE = YES_ERROR;
				GCC_WARN_UNDECLARED_SELECTOR = YES;
				GCC_WARN_UNINITIALIZED_AUTOS = YES_AGGRESSIVE;
				GCC_WARN_UNUSED_FUNCTION = YES;
				GCC_WARN_UNUSED_VARIABLE = YES;
				MTL_ENABLE_DEBUG_INFO = INCLUDE_SOURCE;
				MTL_FAST_MATH = YES;
				ONLY_ACTIVE_ARCH = YES;
				SWIFT_ACTIVE_COMPILATION_CONDITIONS = DEBUG;
				SWIFT_OPTIMIZATION_LEVEL = "-Onone";
			};
			name = Debug;
		};
		E2D95D0D25A60C2D007F8C89 /* Release */ = {
			isa = XCBuildConfiguration;
			buildSettings = {
				ALWAYS_SEARCH_USER_PATHS = NO;
				CLANG_ANALYZER_NONNULL = YES;
				CLANG_ANALYZER_NUMBER_OBJECT_CONVERSION = YES_AGGRESSIVE;
				CLANG_CXX_LANGUAGE_STANDARD = "gnu++14";
				CLANG_CXX_LIBRARY = "libc++";
				CLANG_ENABLE_MODULES = YES;
				CLANG_ENABLE_OBJC_ARC = YES;
				CLANG_ENABLE_OBJC_WEAK = YES;
				CLANG_WARN_BLOCK_CAPTURE_AUTORELEASING = YES;
				CLANG_WARN_BOOL_CONVERSION = YES;
				CLANG_WARN_COMMA = YES;
				CLANG_WARN_CONSTANT_CONVERSION = YES;
				CLANG_WARN_DEPRECATED_OBJC_IMPLEMENTATIONS = YES;
				CLANG_WARN_DIRECT_OBJC_ISA_USAGE = YES_ERROR;
				CLANG_WARN_DOCUMENTATION_COMMENTS = YES;
				CLANG_WARN_EMPTY_BODY = YES;
				CLANG_WARN_ENUM_CONVERSION = YES;
				CLANG_WARN_INFINITE_RECURSION = YES;
				CLANG_WARN_INT_CONVERSION = YES;
				CLANG_WARN_NON_LITERAL_NULL_CONVERSION = YES;
				CLANG_WARN_OBJC_IMPLICIT_RETAIN_SELF = YES;
				CLANG_WARN_OBJC_LITERAL_CONVERSION = YES;
				CLANG_WARN_OBJC_ROOT_CLASS = YES_ERROR;
				CLANG_WARN_QUOTED_INCLUDE_IN_FRAMEWORK_HEADER = YES;
				CLANG_WARN_RANGE_LOOP_ANALYSIS = YES;
				CLANG_WARN_STRICT_PROTOTYPES = YES;
				CLANG_WARN_SUSPICIOUS_MOVE = YES;
				CLANG_WARN_UNGUARDED_AVAILABILITY = YES_AGGRESSIVE;
				CLANG_WARN_UNREACHABLE_CODE = YES;
				CLANG_WARN__DUPLICATE_METHOD_MATCH = YES;
				COPY_PHASE_STRIP = NO;
				DEBUG_INFORMATION_FORMAT = "dwarf-with-dsym";
				ENABLE_NS_ASSERTIONS = NO;
				ENABLE_STRICT_OBJC_MSGSEND = YES;
				GCC_C_LANGUAGE_STANDARD = gnu11;
				GCC_NO_COMMON_BLOCKS = YES;
				GCC_WARN_64_TO_32_BIT_CONVERSION = YES;
				GCC_WARN_ABOUT_RETURN_TYPE = YES_ERROR;
				GCC_WARN_UNDECLARED_SELECTOR = YES;
				GCC_WARN_UNINITIALIZED_AUTOS = YES_AGGRESSIVE;
				GCC_WARN_UNUSED_FUNCTION = YES;
				GCC_WARN_UNUSED_VARIABLE = YES;
				MTL_ENABLE_DEBUG_INFO = NO;
				MTL_FAST_MATH = YES;
				SWIFT_COMPILATION_MODE = wholemodule;
				SWIFT_OPTIMIZATION_LEVEL = "-O";
			};
			name = Release;
		};
		E2D95D0F25A60C2D007F8C89 /* Debug */ = {
			isa = XCBuildConfiguration;
			buildSettings = {
				ASSETCATALOG_COMPILER_APPICON_NAME = AppIcon;
				ASSETCATALOG_COMPILER_GLOBAL_ACCENT_COLOR_NAME = AccentColor;
				CODE_SIGN_STYLE = Automatic;
				DEVELOPMENT_TEAM = ZY82K3XX7G;
				ENABLE_PREVIEWS = YES;
				INFOPLIST_FILE = iOS/Info.plist;
				IPHONEOS_DEPLOYMENT_TARGET = 14.0;
				LD_RUNPATH_SEARCH_PATHS = (
					"$(inherited)",
					"@executable_path/Frameworks",
				);
				PRODUCT_BUNDLE_IDENTIFIER = "com.3dmations.Multiplatform-CourseApp";
				PRODUCT_NAME = "Multiplatform-CourseApp";
				SDKROOT = iphoneos;
				SWIFT_VERSION = 5.0;
				TARGETED_DEVICE_FAMILY = "1,2";
			};
			name = Debug;
		};
		E2D95D1025A60C2D007F8C89 /* Release */ = {
			isa = XCBuildConfiguration;
			buildSettings = {
				ASSETCATALOG_COMPILER_APPICON_NAME = AppIcon;
				ASSETCATALOG_COMPILER_GLOBAL_ACCENT_COLOR_NAME = AccentColor;
				CODE_SIGN_STYLE = Automatic;
				DEVELOPMENT_TEAM = ZY82K3XX7G;
				ENABLE_PREVIEWS = YES;
				INFOPLIST_FILE = iOS/Info.plist;
				IPHONEOS_DEPLOYMENT_TARGET = 14.0;
				LD_RUNPATH_SEARCH_PATHS = (
					"$(inherited)",
					"@executable_path/Frameworks",
				);
				PRODUCT_BUNDLE_IDENTIFIER = "com.3dmations.Multiplatform-CourseApp";
				PRODUCT_NAME = "Multiplatform-CourseApp";
				SDKROOT = iphoneos;
				SWIFT_VERSION = 5.0;
				TARGETED_DEVICE_FAMILY = "1,2";
				VALIDATE_PRODUCT = YES;
			};
			name = Release;
		};
		E2D95D1225A60C2D007F8C89 /* Debug */ = {
			isa = XCBuildConfiguration;
			buildSettings = {
				ASSETCATALOG_COMPILER_APPICON_NAME = AppIcon;
				ASSETCATALOG_COMPILER_GLOBAL_ACCENT_COLOR_NAME = AccentColor;
				CODE_SIGN_ENTITLEMENTS = macOS/macOS.entitlements;
				CODE_SIGN_STYLE = Automatic;
				COMBINE_HIDPI_IMAGES = YES;
				DEVELOPMENT_TEAM = ZY82K3XX7G;
				ENABLE_HARDENED_RUNTIME = YES;
				ENABLE_PREVIEWS = YES;
				INFOPLIST_FILE = macOS/Info.plist;
				LD_RUNPATH_SEARCH_PATHS = (
					"$(inherited)",
					"@executable_path/../Frameworks",
				);
				MACOSX_DEPLOYMENT_TARGET = 11.0;
				PRODUCT_BUNDLE_IDENTIFIER = "com.3dmations.Multiplatform-CourseApp";
				PRODUCT_NAME = "Multiplatform-CourseApp";
				SDKROOT = macosx;
				SWIFT_VERSION = 5.0;
			};
			name = Debug;
		};
		E2D95D1325A60C2D007F8C89 /* Release */ = {
			isa = XCBuildConfiguration;
			buildSettings = {
				ASSETCATALOG_COMPILER_APPICON_NAME = AppIcon;
				ASSETCATALOG_COMPILER_GLOBAL_ACCENT_COLOR_NAME = AccentColor;
				CODE_SIGN_ENTITLEMENTS = macOS/macOS.entitlements;
				CODE_SIGN_STYLE = Automatic;
				COMBINE_HIDPI_IMAGES = YES;
				DEVELOPMENT_TEAM = ZY82K3XX7G;
				ENABLE_HARDENED_RUNTIME = YES;
				ENABLE_PREVIEWS = YES;
				INFOPLIST_FILE = macOS/Info.plist;
				LD_RUNPATH_SEARCH_PATHS = (
					"$(inherited)",
					"@executable_path/../Frameworks",
				);
				MACOSX_DEPLOYMENT_TARGET = 11.0;
				PRODUCT_BUNDLE_IDENTIFIER = "com.3dmations.Multiplatform-CourseApp";
				PRODUCT_NAME = "Multiplatform-CourseApp";
				SDKROOT = macosx;
				SWIFT_VERSION = 5.0;
			};
			name = Release;
		};
/* End XCBuildConfiguration section */

/* Begin XCConfigurationList section */
		E2D95CF125A60C2D007F8C89 /* Build configuration list for PBXProject "Multiplatform-CourseApp" */ = {
			isa = XCConfigurationList;
			buildConfigurations = (
				E2D95D0C25A60C2D007F8C89 /* Debug */,
				E2D95D0D25A60C2D007F8C89 /* Release */,
			);
			defaultConfigurationIsVisible = 0;
			defaultConfigurationName = Release;
		};
		E2D95D0E25A60C2D007F8C89 /* Build configuration list for PBXNativeTarget "Multiplatform-CourseApp (iOS)" */ = {
			isa = XCConfigurationList;
			buildConfigurations = (
				E2D95D0F25A60C2D007F8C89 /* Debug */,
				E2D95D1025A60C2D007F8C89 /* Release */,
			);
			defaultConfigurationIsVisible = 0;
			defaultConfigurationName = Release;
		};
		E2D95D1125A60C2D007F8C89 /* Build configuration list for PBXNativeTarget "Multiplatform-CourseApp (macOS)" */ = {
			isa = XCConfigurationList;
			buildConfigurations = (
				E2D95D1225A60C2D007F8C89 /* Debug */,
				E2D95D1325A60C2D007F8C89 /* Release */,
			);
			defaultConfigurationIsVisible = 0;
			defaultConfigurationName = Release;
		};
/* End XCConfigurationList section */
	};
	rootObject = E2D95CEE25A60C2D007F8C89 /* Project object */;
}
